
Microsoft Visual Studio Solution File, Format Version 12.00
# Visual Studio Version 17
VisualStudioVersion = 17.6.33815.320
MinimumVisualStudioVersion = 10.0.40219.1
Project("{FAE04EC0-301F-11D3-BF4B-00C04F79EFBC}") = "MyProject", "MyProject\MyProject.csproj", "{2275CB9E-EE70-4B74-B71F-09643B26277A}"
EndProject
Global
	GlobalSection(SolutionConfigurationPlatforms) = preSolution
		Debug|Any CPU = Debug|Any CPU
		Release|Any CPU = Release|Any CPU
	EndGlobalSection
	GlobalSection(ProjectConfigurationPlatforms) = postSolution
		{2275CB9E-EE70-4B74-B71F-09643B26277A}.Debug|Any CPU.ActiveCfg = Debug|Any CPU
		{2275CB9E-EE70-4B74-B71F-09643B26277A}.Debug|Any CPU.Build.0 = Debug|Any CPU
		{2275CB9E-EE70-4B74-B71F-09643B26277A}.Release|Any CPU.ActiveCfg = Release|Any CPU
		{2275CB9E-EE70-4B74-B71F-09643B26277A}.Release|Any CPU.Build.0 = Release|Any CPU
	EndGlobalSection
	GlobalSection(SolutionProperties) = preSolution
		HideSolutionNode = FALSE
	EndGlobalSection
	GlobalSection(ExtensibilityGlobals) = postSolution
		SolutionGuid = {3C64B2FD-4E8D-4C84-B71D-7E3E08A27EAA}
	EndGlobalSection
EndGlobal
