
Microsoft Visual Studio Solution File, Format Version 12.00
# Visual Studio Version 17
VisualStudioVersion = 17.6.33815.320
MinimumVisualStudioVersion = 10.0.40219.1
Project("{FAE04EC0-301F-11D3-BF4B-00C04F79EFBC}") = "MyProject", "MyProject\MyProject.csproj", "{CFEDD706-F6F8-4F6F-9219-4638DDBC7857}"
EndProject
Global
	GlobalSection(SolutionConfigurationPlatforms) = preSolution
		Debug|Any CPU = Debug|Any CPU
		Release|Any CPU = Release|Any CPU
	EndGlobalSection
	GlobalSection(ProjectConfigurationPlatforms) = postSolution
		{CFEDD706-F6F8-4F6F-9219-4638DDBC7857}.Debug|Any CPU.ActiveCfg = Debug|Any CPU
		{CFEDD706-F6F8-4F6F-9219-4638DDBC7857}.Debug|Any CPU.Build.0 = Debug|Any CPU
		{CFEDD706-F6F8-4F6F-9219-4638DDBC7857}.Release|Any CPU.ActiveCfg = Release|Any CPU
		{CFEDD706-F6F8-4F6F-9219-4638DDBC7857}.Release|Any CPU.Build.0 = Release|Any CPU
	EndGlobalSection
	GlobalSection(SolutionProperties) = preSolution
		HideSolutionNode = FALSE
	EndGlobalSection
	GlobalSection(ExtensibilityGlobals) = postSolution
		SolutionGuid = {6249840B-0D56-44AC-B7BB-738623ADD941}
	EndGlobalSection
EndGlobal
